
Microsoft Visual Studio Solution File, Format Version 12.00
# Visual Studio Version 17
VisualStudioVersion = 17.14.36408.4
MinimumVisualStudioVersion = 10.0.40219.1
Project("{8BC9CEB8-8B4A-11D0-8D11-00A0C91BC942}") = "Server", "Server\Server.vcxproj", "{B2CCE063-0BA9-4882-A09E-49A5C8B2CEE7}"
EndProject
Project("{8BC9CEB8-8B4A-11D0-8D11-00A0C91BC942}") = "Client", "Client\Client.vcxproj", "{C25DE714-DA2D-4FA6-8142-3A038C8A2687}"
EndProject
Global
	GlobalSection(SolutionConfigurationPlatforms) = preSolution
		Debug|x64 = Debug|x64
		Release|x64 = Release|x64
	EndGlobalSection
	GlobalSection(ProjectConfigurationPlatforms) = postSolution
		{B2CCE063-0BA9-4882-A09E-49A5C8B2CEE7}.Debug|x64.ActiveCfg = Debug|x64
		{B2CCE063-0BA9-4882-A09E-49A5C8B2CEE7}.Debug|x64.Build.0 = Debug|x64
		{B2CCE063-0BA9-4882-A09E-49A5C8B2CEE7}.Release|x64.ActiveCfg = Release|x64
		{B2CCE063-0BA9-4882-A09E-49A5C8B2CEE7}.Release|x64.Build.0 = Release|x64
		{C25DE714-DA2D-4FA6-8142-3A038C8A2687}.Debug|x64.ActiveCfg = Debug|x64
		{C25DE714-DA2D-4FA6-8142-3A038C8A2687}.Debug|x64.Build.0 = Debug|x64
		{C25DE714-DA2D-4FA6-8142-3A038C8A2687}.Release|x64.ActiveCfg = Release|x64
		{C25DE714-DA2D-4FA6-8142-3A038C8A2687}.Release|x64.Build.0 = Release|x64
	EndGlobalSection
	GlobalSection(SolutionProperties) = preSolution
		HideSolutionNode = FALSE
	EndGlobalSection
	GlobalSection(ExtensibilityGlobals) = postSolution
		SolutionGuid = {924413D2-6829-46CF-96CD-E6B815F9950C}
	EndGlobalSection
EndGlobal
